
Microsoft Visual Studio Solution File, Format Version 12.00
# Visual Studio 15
Project("{FAE04EC0-301F-11D3-BF4B-00C04F79EFBC}") = "Assembly-CSharp", "Assembly-CSharp.csproj", "{33FA967B-C7DE-C5BF-6CDD-B9479AE71816}"
EndProject
Project("{FAE04EC0-301F-11D3-BF4B-00C04F79EFBC}") = "Assembly-CSharp-Editor", "Assembly-CSharp-Editor.csproj", "{82B67049-700B-1E61-21CD-26494384E953}"
EndProject
Global
	GlobalSection(SolutionConfigurationPlatforms) = preSolution
		Debug|Any CPU = Debug|Any CPU
		Release|Any CPU = Release|Any CPU
	EndGlobalSection
	GlobalSection(ProjectConfigurationPlatforms) = postSolution
		{33FA967B-C7DE-C5BF-6CDD-B9479AE71816}.Debug|Any CPU.ActiveCfg = Debug|Any CPU
		{33FA967B-C7DE-C5BF-6CDD-B9479AE71816}.Debug|Any CPU.Build.0 = Debug|Any CPU
		{33FA967B-C7DE-C5BF-6CDD-B9479AE71816}.Release|Any CPU.ActiveCfg = Release|Any CPU
		{33FA967B-C7DE-C5BF-6CDD-B9479AE71816}.Release|Any CPU.Build.0 = Release|Any CPU
		{82B67049-700B-1E61-21CD-26494384E953}.Debug|Any CPU.ActiveCfg = Debug|Any CPU
		{82B67049-700B-1E61-21CD-26494384E953}.Debug|Any CPU.Build.0 = Debug|Any CPU
		{82B67049-700B-1E61-21CD-26494384E953}.Release|Any CPU.ActiveCfg = Release|Any CPU
		{82B67049-700B-1E61-21CD-26494384E953}.Release|Any CPU.Build.0 = Release|Any CPU
	EndGlobalSection
	GlobalSection(SolutionProperties) = preSolution
		HideSolutionNode = FALSE
	EndGlobalSection
EndGlobal
